
Microsoft Visual Studio Solution File, Format Version 12.00
# Visual Studio 15
VisualStudioVersion = 15.0.28307.645
MinimumVisualStudioVersion = 10.0.40219.1
Project("{FAE04EC0-301F-11D3-BF4B-00C04F79EFBC}") = "wfaDice", "wfaDice\wfaDice.csproj", "{3385D35A-1179-493F-A5E9-0C8532E86F0C}"
EndProject
Project("{FAE04EC0-301F-11D3-BF4B-00C04F79EFBC}") = "clsDiceGDI", "clsDiceGDI\clsDiceGDI.csproj", "{975E4BF8-684A-4D40-8CBB-8EEE0FD72CAC}"
EndProject
Project("{FAE04EC0-301F-11D3-BF4B-00C04F79EFBC}") = "clsDiceSkiasharp", "clsDiceSkiasharp\clsDiceSkiasharp.csproj", "{96F08B66-D826-4F33-A35D-638E69C948DE}"
EndProject
Global
	GlobalSection(SolutionConfigurationPlatforms) = preSolution
		Debug|Any CPU = Debug|Any CPU
		Release|Any CPU = Release|Any CPU
	EndGlobalSection
	GlobalSection(ProjectConfigurationPlatforms) = postSolution
		{3385D35A-1179-493F-A5E9-0C8532E86F0C}.Debug|Any CPU.ActiveCfg = Debug|Any CPU
		{3385D35A-1179-493F-A5E9-0C8532E86F0C}.Debug|Any CPU.Build.0 = Debug|Any CPU
		{3385D35A-1179-493F-A5E9-0C8532E86F0C}.Release|Any CPU.ActiveCfg = Release|Any CPU
		{3385D35A-1179-493F-A5E9-0C8532E86F0C}.Release|Any CPU.Build.0 = Release|Any CPU
		{975E4BF8-684A-4D40-8CBB-8EEE0FD72CAC}.Debug|Any CPU.ActiveCfg = Debug|Any CPU
		{975E4BF8-684A-4D40-8CBB-8EEE0FD72CAC}.Debug|Any CPU.Build.0 = Debug|Any CPU
		{975E4BF8-684A-4D40-8CBB-8EEE0FD72CAC}.Release|Any CPU.ActiveCfg = Release|Any CPU
		{975E4BF8-684A-4D40-8CBB-8EEE0FD72CAC}.Release|Any CPU.Build.0 = Release|Any CPU
		{96F08B66-D826-4F33-A35D-638E69C948DE}.Debug|Any CPU.ActiveCfg = Debug|Any CPU
		{96F08B66-D826-4F33-A35D-638E69C948DE}.Debug|Any CPU.Build.0 = Debug|Any CPU
		{96F08B66-D826-4F33-A35D-638E69C948DE}.Release|Any CPU.ActiveCfg = Release|Any CPU
		{96F08B66-D826-4F33-A35D-638E69C948DE}.Release|Any CPU.Build.0 = Release|Any CPU
	EndGlobalSection
	GlobalSection(SolutionProperties) = preSolution
		HideSolutionNode = FALSE
	EndGlobalSection
	GlobalSection(ExtensibilityGlobals) = postSolution
		SolutionGuid = {FB749F9B-9ED4-4D18-AAE5-840F605474AE}
	EndGlobalSection
EndGlobal
